{
  "lockfileVersion": 1,
  "configVersion": 1,
  "workspaces": {
    "": {
      "name": "@khoralabs/tkn",
      "dependencies": {
        "@biomejs/biome": "^2.4.16",
        "@tursodatabase/database": "^0.6.1",
        "typebox": "^1.3.3",
        "typescript": "^5",
      },
      "devDependencies": {
        "@types/bun": "latest",
        "@types/parse-gitignore": "^1.0.2",
        "husky": "^9.1.7",
        "minimatch": "^10.2.5",
        "parse-gitignore": "^2.0.0",
      },
      "peerDependencies": {
        "typescript": "^5",
      },
    },
  },
  "packages": {
    "@biomejs/biome": ["@biomejs/biome@2.5.2", "", { "optionalDependencies": { "@biomejs/cli-darwin-arm64": "2.5.2", "@biomejs/cli-darwin-x64": "2.5.2", "@biomejs/cli-linux-arm64": "2.5.2", "@biomejs/cli-linux-arm64-musl": "2.5.2", "@biomejs/cli-linux-x64": "2.5.2", "@biomejs/cli-linux-x64-musl": "2.5.2", "@biomejs/cli-win32-arm64": "2.5.2", "@biomejs/cli-win32-x64": "2.5.2" }, "bin": { "biome": "bin/biome" } }, "sha512-VQ3RCqr7JmDIX+w6stWYl+g/3bYofN3q2wDBHUKKc/c7i5QWrFKFBZYCYPWTE6agsUPMIZZe6/CMmVUfUAhkKA=="],

    "@biomejs/cli-darwin-arm64": ["@biomejs/cli-darwin-arm64@2.5.2", "", { "os": "darwin", "cpu": "arm64" }, "sha512-e7P3P7EkwFc/KiX2AHw4YDLIBOMfG9CPCAwy52k5Bp0dfhkozx9hf6wCmIr2QeXy2XeccJ3V/Sg+hDmzYEqxSg=="],

    "@biomejs/cli-darwin-x64": ["@biomejs/cli-darwin-x64@2.5.2", "", { "os": "darwin", "cpu": "x64" }, "sha512-ymzMvjC1Jg0b9K0D26ZdARqFQXs7MocfLC5FOCGfkC0Ss+ACUJkX5364ZM5nT4NLZanHRZNVrZEy+Ibwcvux/g=="],

    "@biomejs/cli-linux-arm64": ["@biomejs/cli-linux-arm64@2.5.2", "", { "os": "linux", "cpu": "arm64" }, "sha512-t7sseOmqND57uUWTwlawU6BYj+J06T/9EkydzBhkrgw/FK3QVhjU2wsJR0frljrKZ0/I8A/rYw7284QgqjQfIQ=="],

    "@biomejs/cli-linux-arm64-musl": ["@biomejs/cli-linux-arm64-musl@2.5.2", "", { "os": "linux", "cpu": "arm64" }, "sha512-w+ANG0ZvTu9IeEg9QnstoOnk6L0fpwJifW6aHR18+cb5Z39bkANItYjAfMrnvce5tmMK+IQ6nPX7/kQFdam5iw=="],

    "@biomejs/cli-linux-x64": ["@biomejs/cli-linux-x64@2.5.2", "", { "os": "linux", "cpu": "x64" }, "sha512-M/lOZrewzTCRDINbjhQ1gYYru37KlD3kJBQwwKCG0ckz5E9IZwIoJ3X0wBwRXA+yBDIwWUuPBHS67HzJY4dTfA=="],

    "@biomejs/cli-linux-x64-musl": ["@biomejs/cli-linux-x64-musl@2.5.2", "", { "os": "linux", "cpu": "x64" }, "sha512-VArNLAzND063tF+XY0yPyM+DyahpzOMzOAvb7qs259nhjJWRjvjZdssuA+Rfl+l07+NOesKZ0Xu2yFrXyBMtzw=="],

    "@biomejs/cli-win32-arm64": ["@biomejs/cli-win32-arm64@2.5.2", "", { "os": "win32", "cpu": "arm64" }, "sha512-kbjFFKyZlzYnAuw7sRy5qDoFG6zrP40UK08oPQsWK0ct3NMnGSt+Bs1iviEEyEIP57N5MrykGXdO/wRiaR4lww=="],

    "@biomejs/cli-win32-x64": ["@biomejs/cli-win32-x64@2.5.2", "", { "os": "win32", "cpu": "x64" }, "sha512-4InchVpdVmdkkkgjQqKpgvyu+VPnoF/7RPSw5YATgEVpt2j72wcCAeV5TwaE9ZGJUZWZn7v2CwSAj6CrMJEx8A=="],

    "@tursodatabase/database": ["@tursodatabase/database@0.6.1", "", { "dependencies": { "@tursodatabase/database-common": "^0.6.1" }, "optionalDependencies": { "@tursodatabase/database-darwin-arm64": "0.6.1", "@tursodatabase/database-linux-arm64-gnu": "0.6.1", "@tursodatabase/database-linux-x64-gnu": "0.6.1", "@tursodatabase/database-win32-x64-msvc": "0.6.1" } }, "sha512-qg6LO1XHA9kc2s97crg0/nHiKFk3xTzylRuZPYggO0vA4hx2rp8fk0Je2vFGOkfVv+ZmzsXOIb+DBHmdrG+72A=="],

    "@tursodatabase/database-common": ["@tursodatabase/database-common@0.6.1", "", {}, "sha512-fkmkhgSUDg3MXkcziTG9Ime3AY5+YvvDN7VvUDEMNV7MP+XgwE/i5tU6eQP1EKa/zDkdSYPq8gPcmROmKmKL8Q=="],

    "@tursodatabase/database-darwin-arm64": ["@tursodatabase/database-darwin-arm64@0.6.1", "", { "os": "darwin", "cpu": "arm64" }, "sha512-2/nlqulI/kWlrh7vHMwF5fkuavGRWB83SIhzHZmoHSQovq0a28Z4+WAHerjh9yNs7DTj70U9PIsvAtRdh77l7g=="],

    "@tursodatabase/database-linux-arm64-gnu": ["@tursodatabase/database-linux-arm64-gnu@0.6.1", "", { "os": "linux", "cpu": "arm64" }, "sha512-ixooF2xyxV84GYIYPLI5D9VEp+cX3WPBmXRyoCGw7+l9G66eOp8QppGF0dKFYhtp/AJ8YmOp+lemqBoCue9N8Q=="],

    "@tursodatabase/database-linux-x64-gnu": ["@tursodatabase/database-linux-x64-gnu@0.6.1", "", { "os": "linux", "cpu": "x64" }, "sha512-cNZ3FS8XBn4X8zHSzd31nvEeBbR4hCDBGs2P3ViND1Egu5oDZ822a+hWxNxMgMPgUJf/aGBEAk5p+j11fAC/QQ=="],

    "@tursodatabase/database-win32-x64-msvc": ["@tursodatabase/database-win32-x64-msvc@0.6.1", "", { "os": "win32", "cpu": "x64" }, "sha512-3CASiW3BbeNT4qryxPKKZECGxaAtfUeM/Bjx1NWIxShCLLtRpnaEUt7WLOT2hz+sqU322H6fmMuaN9sYrcwBxw=="],

    "@types/bun": ["@types/bun@1.3.14", "", { "dependencies": { "bun-types": "1.3.14" } }, "sha512-h1hFqFVcvAvD9j9K7ZW7vd82aSA+rTdznZa+5bwvCwqSB1jmmfLcbIWhOLx1/+boy/xmjgCs/OMUL8hRJSmnPw=="],

    "@types/node": ["@types/node@26.1.0", "", { "dependencies": { "undici-types": "~8.3.0" } }, "sha512-O0A1G3xPGy4w7AgQdAQYUlQ+BKk2Oovw8eRpofyp5KdBZULnbe+WqaOVNrm705SHphCiG4XHsACrSmPu1f+Kgw=="],

    "@types/parse-gitignore": ["@types/parse-gitignore@1.0.2", "", { "dependencies": { "@types/node": "*" } }, "sha512-AQwj+lNTWI7y1kkMe8qLByiToXoXs/du70qGFIHJZaJUVrF5jB8QzvWmLyR1VWYqRagpY8ABrqAjs7uHsJnVBQ=="],

    "balanced-match": ["balanced-match@4.0.4", "", {}, "sha512-BLrgEcRTwX2o6gGxGOCNyMvGSp35YofuYzw9h1IMTRmKqttAZZVU67bdb9Pr2vUHA8+j3i2tJfjO6C6+4myGTA=="],

    "brace-expansion": ["brace-expansion@5.0.7", "", { "dependencies": { "balanced-match": "^4.0.2" } }, "sha512-7oFy703dxfY3/NLxC1fh2SUCQ0H9rmAY+5EpDVfXjUTTs+HEwR2nYaqLv+GWcTsumwxPfiz6CzCNkwXwBUwqCA=="],

    "bun-types": ["bun-types@1.3.14", "", { "dependencies": { "@types/node": "*" } }, "sha512-4N0ig0fEomHt5R0KCFWjovxow98rIoRwKolrYdCcknNwMekCXRnWEUvgu5soYV8QXtVsrUD8B95MBOZGPvr6KQ=="],

    "husky": ["husky@9.1.7", "", { "bin": { "husky": "bin.js" } }, "sha512-5gs5ytaNjBrh5Ow3zrvdUUY+0VxIuWVL4i9irt6friV+BqdCfmV11CQTWMiBYWHbXhco+J1kHfTOUkePhCDvMA=="],

    "minimatch": ["minimatch@10.2.5", "", { "dependencies": { "brace-expansion": "^5.0.5" } }, "sha512-MULkVLfKGYDFYejP07QOurDLLQpcjk7Fw+7jXS2R2czRQzR56yHRveU5NDJEOviH+hETZKSkIk5c+T23GjFUMg=="],

    "parse-gitignore": ["parse-gitignore@2.0.0", "", {}, "sha512-RmVuCHWsfu0QPNW+mraxh/xjQVw/lhUCUru8Zni3Ctq3AoMhpDTq0OVdKS6iesd6Kqb7viCV3isAL43dciOSog=="],

    "typebox": ["typebox@1.3.3", "", {}, "sha512-URXGUE31PJDQC+PtRMJeLdF4kmmOdFoVPikPCtV2oOIhUpNpppEdIz7W8bH8cFYPYHdDpaRvqwdegMTmHliudg=="],

    "typescript": ["typescript@5.9.3", "", { "bin": { "tsc": "bin/tsc", "tsserver": "bin/tsserver" } }, "sha512-jl1vZzPDinLr9eUt3J/t7V6FgNEw9QjvBPdysz9KfQDD41fQrC2Y4vKQdiaUpFT4bXlb1RHhLpp8wtm6M5TgSw=="],

    "undici-types": ["undici-types@8.3.0", "", {}, "sha512-j375ScV60dom+YkPFIfTLcOiPxkN/buHz5GobjLhixFuANaNs3C9l4GmrWqejgXWJ7BbJcFYpTEUkS1Ge8bpZQ=="],
  }
}
